{
  "name": "devops",
  "version": "1.0.0",
  "lockfileVersion": 1,
  "requires": true,
  "dependencies": {
    "dotenv": {
      "version": "4.0.0",
      "resolved": "https://registry.npmjs.org/dotenv/-/dotenv-4.0.0.tgz",
      "integrity": "sha1-hk7xN5rO1Vzm+V3r7NzhefegzR0="
    },
    "heroin-js": {
      "version": "1.21.0",
      "resolved": "https://registry.npmjs.org/heroin-js/-/heroin-js-1.21.0.tgz",
      "integrity": "sha512-q1oWP5lk7nJ03E7lC/bHSUunydhTbSWAMyayyDr5pq4DM48ZAInmggpQPYkLi+R8TZJKmyHnb1kE7NVHa4tPVA==",
      "dev": true,
      "requires": {
        "heroku-client": "2.4.3",
        "lodash": "4.17.4"
      }
    },
    "heroku-client": {
      "version": "2.4.3",
      "resolved": "https://registry.npmjs.org/heroku-client/-/heroku-client-2.4.3.tgz",
      "integrity": "sha1-xS/sfjfnrwrBT2bOY63xrxVuB0c=",
      "dev": true,
      "requires": {
        "inflection": "1.12.0",
        "path-proxy": "1.0.0",
        "q": "1.5.1",
        "tunnel-agent": "0.4.3"
      }
    },
    "inflection": {
      "version": "1.12.0",
      "resolved": "https://registry.npmjs.org/inflection/-/inflection-1.12.0.tgz",
      "integrity": "sha1-ogCTVlbW9fa8TcdQLhrstwMihBY=",
      "dev": true
    },
    "lodash": {
      "version": "4.17.4",
      "resolved": "https://registry.npmjs.org/lodash/-/lodash-4.17.4.tgz",
      "integrity": "sha1-eCA6TRwyiuHYbcpkYONptX9AVa4=",
      "dev": true
    },
    "path-proxy": {
      "version": "1.0.0",
      "resolved": "https://registry.npmjs.org/path-proxy/-/path-proxy-1.0.0.tgz",
      "integrity": "sha1-GOijaFn8nS8aU7SN7hOFQ8Ag3l4=",
      "dev": true,
      "requires": {
        "inflection": "1.3.8"
      },
      "dependencies": {
        "inflection": {
          "version": "1.3.8",
          "resolved": "https://registry.npmjs.org/inflection/-/inflection-1.3.8.tgz",
          "integrity": "sha1-y9Fg2p91sUw8xjV41POWeEvzAU4=",
          "dev": true
        }
      }
    },
    "q": {
      "version": "1.5.1",
      "resolved": "https://registry.npmjs.org/q/-/q-1.5.1.tgz",
      "integrity": "sha1-fjL3W0E4EpHQRhHxvxQQmsAGUdc=",
      "dev": true
    },
    "tunnel-agent": {
      "version": "0.4.3",
      "resolved": "https://registry.npmjs.org/tunnel-agent/-/tunnel-agent-0.4.3.tgz",
      "integrity": "sha1-Y3PbdpCf5XDgjXNYM2Xtgop07us=",
      "dev": true
    }
  }
}
